{
  "version": 4,
  "terraform_version": "1.3.2",
  "serial": 38,
  "lineage": "a63040a4-a380-906d-3485-7c342ccf0fe5",
  "outputs": {
    "INFO": {
      "value": "AWS Resources and Wordpress has been provisioned. Go to http://54.79.244.114",
      "type": "string"
    },
    "IP": {
      "value": "54.79.244.114",
      "type": "string"
    },
    "RDS-Endpoint": {
      "value": "terraform-20221011014417281300000004.ckytcerhypns.ap-southeast-2.rds.amazonaws.com:3306",
      "type": "string"
    }
  },
  "resources": [
    {
      "mode": "data",
      "type": "template_file",
      "name": "playbook",
      "provider": "provider[\"registry.terraform.io/hashicorp/template\"]",
      "instances": [
        {
          "schema_version": 0,
          "attributes": {
            "filename": null,
            "id": "d775964739a0538404a8fbbabc857e0474288849cbf558399fb0951970765b3d",
            "rendered": "- name: Install wordpress in new server\r\n  hosts: all\r\n  become: yes\r\n \r\n    \r\n  tasks:\r\n\r\n  - name: Setting up variables\r\n    set_fact:\r\n      php_modules: [  'php-fpm','php-mysqlnd', 'php-curl', 'php-gd', 'php-mbstring', 'php-xml', 'php-xmlrpc', 'php-soap', 'php-intl', 'php-zip' ]\r\n\r\n      #MySQL Settings to be rendered by terraform\r\n      mysql_rds: terraform-20221011014417281300000004.ckytcerhypns.ap-southeast-2.rds.amazonaws.com:3306  \r\n      mysql_db: wordpress_db\r\n      mysql_user: wordpress_user\r\n      mysql_password: mohsin123\r\n\r\n  \r\n  \r\n\r\n  \r\n\r\n  - name: Yum update\r\n    yum:\r\n      name: '*'\r\n      state: latest\r\n\r\n  - name: install Apache server\r\n    yum: name={{ item }} state=present\r\n    loop: [ 'httpd','mysql']    \r\n      \r\n #installing php using linux-extra\r\n  \r\n  - name: Installing PHP\r\n    shell: amazon-linux-extras enable php7.4\r\n\r\n  - name: Clean metadata\r\n    shell: yum clean metadata\r\n\r\n\r\n\r\n  \r\n\r\n  # install php extension\r\n  - name: install php extensions\r\n    yum: name={{ item }} state=present\r\n    loop: \"{{ php_modules }}\"\r\n\r\n\r\n  - name: Set permissions for directories\r\n    shell: \"/usr/bin/find /var/www/html/ -type d -exec chmod 2775 {} \\\\;\"\r\n    \r\n\r\n  - name: Set permissions for files\r\n    shell: \"/usr/bin/find /var/www/html/ -type f -exec chmod 0664 {} \\\\;\"    \r\n            \r\n  # wordpress download and install\r\n  - name: Wordpress download and unpacking\r\n    unarchive:\r\n      src: https://wordpress.org/latest.tar.gz\r\n      dest: \"/var/www\"\r\n      remote_src: yes\r\n  \r\n  - name: Copy wordpress files to /html folder\r\n    shell: cp /var/www/wordpress/. /var/www/html -r\r\n\r\n  - name: Delete old wordpress files\r\n    shell: rm /var/www/wordpress -r \r\n \r\n    \r\n  - name: Set up wp-config\r\n    template:\r\n      src: \"files/wp-config.php.j2\"\r\n      dest: \"/var/www/html/wp-config.php\"\r\n        \r\n  - name: set permissions (changing ownership)\r\n    shell: chown -R ec2-user:apache /var/www/html\r\n\r\n  - name: set permission (chmod 774)  \r\n    shell: chown -R ec2-user:apache /var/www/html\r\n\r\n   # apache  server started\r\n  - name: services started   \r\n    service: name={{ item }} state=restarted enabled=True\r\n    loop: [ 'httpd']\r\n     \r\n\r\n\r\n",
            "template": "- name: Install wordpress in new server\r\n  hosts: all\r\n  become: yes\r\n \r\n    \r\n  tasks:\r\n\r\n  - name: Setting up variables\r\n    set_fact:\r\n      php_modules: [  'php-fpm','php-mysqlnd', 'php-curl', 'php-gd', 'php-mbstring', 'php-xml', 'php-xmlrpc', 'php-soap', 'php-intl', 'php-zip' ]\r\n\r\n      #MySQL Settings to be rendered by terraform\r\n      mysql_rds: ${db_RDS}  \r\n      mysql_db: ${db_name}\r\n      mysql_user: ${db_username}\r\n      mysql_password: ${db_user_password}\r\n\r\n  \r\n  \r\n\r\n  \r\n\r\n  - name: Yum update\r\n    yum:\r\n      name: '*'\r\n      state: latest\r\n\r\n  - name: install Apache server\r\n    yum: name={{ item }} state=present\r\n    loop: [ 'httpd','mysql']    \r\n      \r\n #installing php using linux-extra\r\n  \r\n  - name: Installing PHP\r\n    shell: amazon-linux-extras enable php7.4\r\n\r\n  - name: Clean metadata\r\n    shell: yum clean metadata\r\n\r\n\r\n\r\n  \r\n\r\n  # install php extension\r\n  - name: install php extensions\r\n    yum: name={{ item }} state=present\r\n    loop: \"{{ php_modules }}\"\r\n\r\n\r\n  - name: Set permissions for directories\r\n    shell: \"/usr/bin/find /var/www/html/ -type d -exec chmod 2775 {} \\\\;\"\r\n    \r\n\r\n  - name: Set permissions for files\r\n    shell: \"/usr/bin/find /var/www/html/ -type f -exec chmod 0664 {} \\\\;\"    \r\n            \r\n  # wordpress download and install\r\n  - name: Wordpress download and unpacking\r\n    unarchive:\r\n      src: https://wordpress.org/latest.tar.gz\r\n      dest: \"/var/www\"\r\n      remote_src: yes\r\n  \r\n  - name: Copy wordpress files to /html folder\r\n    shell: cp /var/www/wordpress/. /var/www/html -r\r\n\r\n  - name: Delete old wordpress files\r\n    shell: rm /var/www/wordpress -r \r\n \r\n    \r\n  - name: Set up wp-config\r\n    template:\r\n      src: \"files/wp-config.php.j2\"\r\n      dest: \"/var/www/html/wp-config.php\"\r\n        \r\n  - name: set permissions (changing ownership)\r\n    shell: chown -R ec2-user:apache /var/www/html\r\n\r\n  - name: set permission (chmod 774)  \r\n    shell: chown -R ec2-user:apache /var/www/html\r\n\r\n   # apache  server started\r\n  - name: services started   \r\n    service: name={{ item }} state=restarted enabled=True\r\n    loop: [ 'httpd']\r\n     \r\n\r\n\r\n",
            "vars": {
              "db_RDS": "terraform-20221011014417281300000004.ckytcerhypns.ap-southeast-2.rds.amazonaws.com:3306",
              "db_name": "wordpress_db",
              "db_user_password": "mohsin123",
              "db_username": "wordpress_user"
            }
          },
          "sensitive_attributes": []
        }
      ]
    },
    {
      "mode": "managed",
      "type": "aws_db_instance",
      "name": "wordpressdb",
      "provider": "provider[\"registry.terraform.io/hashicorp/aws\"]",
      "instances": [
        {
          "schema_version": 1,
          "attributes": {
            "address": "terraform-20221011014417281300000004.ckytcerhypns.ap-southeast-2.rds.amazonaws.com",
            "allocated_storage": 10,
            "allow_major_version_upgrade": null,
            "apply_immediately": null,
            "arn": "arn:aws:rds:ap-southeast-2:062714976861:db:terraform-20221011014417281300000004",
            "auto_minor_version_upgrade": true,
            "availability_zone": "ap-southeast-2b",
            "backup_retention_period": 0,
            "backup_window": "16:14-16:44",
            "ca_cert_identifier": "rds-ca-2019",
            "character_set_name": "",
            "copy_tags_to_snapshot": false,
            "custom_iam_instance_profile": "",
            "customer_owned_ip_enabled": false,
            "db_name": "wordpress_db",
            "db_subnet_group_name": "terraform-20221011014415023800000002",
            "delete_automated_backups": true,
            "deletion_protection": false,
            "domain": "",
            "domain_iam_role_name": "",
            "enabled_cloudwatch_logs_exports": [],
            "endpoint": "terraform-20221011014417281300000004.ckytcerhypns.ap-southeast-2.rds.amazonaws.com:3306",
            "engine": "mysql",
            "engine_version": "5.7",
            "engine_version_actual": "5.7.38",
            "final_snapshot_identifier": null,
            "hosted_zone_id": "Z32T0VRHXEXS0V",
            "iam_database_authentication_enabled": false,
            "id": "terraform-20221011014417281300000004",
            "identifier": "terraform-20221011014417281300000004",
            "identifier_prefix": "terraform-",
            "instance_class": "db.t2.micro",
            "iops": 0,
            "kms_key_id": "",
            "latest_restorable_time": "",
            "license_model": "general-public-license",
            "maintenance_window": "thu:17:08-thu:17:38",
            "max_allocated_storage": 0,
            "monitoring_interval": 0,
            "monitoring_role_arn": "",
            "multi_az": false,
            "name": "wordpress_db",
            "nchar_character_set_name": "",
            "network_type": "IPV4",
            "option_group_name": "default:mysql-5-7",
            "parameter_group_name": "default.mysql5.7",
            "password": "mohsin123",
            "performance_insights_enabled": false,
            "performance_insights_kms_key_id": "",
            "performance_insights_retention_period": 0,
            "port": 3306,
            "publicly_accessible": false,
            "replica_mode": "",
            "replicas": [],
            "replicate_source_db": "",
            "resource_id": "db-VCDHOVNB7IJI4BPCH54WOWTAR4",
            "restore_to_point_in_time": [],
            "s3_import": [],
            "security_group_names": [],
            "skip_final_snapshot": true,
            "snapshot_identifier": null,
            "status": "available",
            "storage_encrypted": false,
            "storage_type": "gp2",
            "tags": {},
            "tags_all": {},
            "timeouts": null,
            "timezone": "",
            "username": "wordpress_user",
            "vpc_security_group_ids": [
              "sg-089a12fa6d27254e9"
            ]
          },
          "sensitive_attributes": [],
          "private": "eyJlMmJmYjczMC1lY2FhLTExZTYtOGY4OC0zNDM2M2JjN2M0YzAiOnsiY3JlYXRlIjoyNDAwMDAwMDAwMDAwLCJkZWxldGUiOjM2MDAwMDAwMDAwMDAsInVwZGF0ZSI6NDgwMDAwMDAwMDAwMH0sInNjaGVtYV92ZXJzaW9uIjoiMSJ9",
          "dependencies": [
            "aws_db_subnet_group.RDS_subnet_grp",
            "aws_security_group.RDS_allow_rule",
            "aws_security_group.ec2_allow_rule",
            "aws_subnet.prod-subnet-private-1",
            "aws_subnet.prod-subnet-private-2",
            "aws_vpc.prod-vpc"
          ]
        }
      ]
    },
    {
      "mode": "managed",
      "type": "aws_db_subnet_group",
      "name": "RDS_subnet_grp",
      "provider": "provider[\"registry.terraform.io/hashicorp/aws\"]",
      "instances": [
        {
          "schema_version": 0,
          "attributes": {
            "arn": "arn:aws:rds:ap-southeast-2:062714976861:subgrp:terraform-20221011014415023800000002",
            "description": "Managed by Terraform",
            "id": "terraform-20221011014415023800000002",
            "name": "terraform-20221011014415023800000002",
            "name_prefix": "terraform-",
            "subnet_ids": [
              "subnet-0d04b0e6f6b3bfbf9",
              "subnet-0fa326dd2f9c8b6e6"
            ],
            "supported_network_types": [
              "IPV4"
            ],
            "tags": {},
            "tags_all": {}
          },
          "sensitive_attributes": [],
          "private": "bnVsbA==",
          "dependencies": [
            "aws_subnet.prod-subnet-private-1",
            "aws_subnet.prod-subnet-private-2",
            "aws_vpc.prod-vpc"
          ]
        }
      ]
    },
    {
      "mode": "managed",
      "type": "aws_eip",
      "name": "eip",
      "provider": "provider[\"registry.terraform.io/hashicorp/aws\"]",
      "instances": [
        {
          "schema_version": 0,
          "attributes": {
            "address": null,
            "allocation_id": "eipalloc-057171635e9d62298",
            "associate_with_private_ip": null,
            "association_id": "eipassoc-09d738451791c8a53",
            "carrier_ip": "",
            "customer_owned_ip": "",
            "customer_owned_ipv4_pool": "",
            "domain": "vpc",
            "id": "eipalloc-057171635e9d62298",
            "instance": "i-0f21068626192a616",
            "network_border_group": "ap-southeast-2",
            "network_interface": "eni-074e4cddcdc178738",
            "private_dns": "ip-10-0-1-227.ap-southeast-2.compute.internal",
            "private_ip": "10.0.1.227",
            "public_dns": "ec2-54-79-244-114.ap-southeast-2.compute.amazonaws.com",
            "public_ip": "54.79.244.114",
            "public_ipv4_pool": "amazon",
            "tags": {},
            "tags_all": {},
            "timeouts": null,
            "vpc": true
          },
          "sensitive_attributes": [],
          "private": "eyJlMmJmYjczMC1lY2FhLTExZTYtOGY4OC0zNDM2M2JjN2M0YzAiOnsiZGVsZXRlIjoxODAwMDAwMDAwMDAsInJlYWQiOjkwMDAwMDAwMDAwMCwidXBkYXRlIjozMDAwMDAwMDAwMDB9fQ==",
          "dependencies": [
            "aws_db_instance.wordpressdb",
            "aws_db_subnet_group.RDS_subnet_grp",
            "aws_instance.wordpressec2",
            "aws_key_pair.mykey-pair",
            "aws_security_group.RDS_allow_rule",
            "aws_security_group.ec2_allow_rule",
            "aws_subnet.prod-subnet-private-1",
            "aws_subnet.prod-subnet-private-2",
            "aws_subnet.prod-subnet-public-1",
            "aws_vpc.prod-vpc"
          ]
        }
      ]
    },
    {
      "mode": "managed",
      "type": "aws_instance",
      "name": "wordpressec2",
      "provider": "provider[\"registry.terraform.io/hashicorp/aws\"]",
      "instances": [
        {
          "schema_version": 1,
          "attributes": {
            "ami": "ami-0c9fe0dec6325a30c",
            "arn": "arn:aws:ec2:ap-southeast-2:062714976861:instance/i-0f21068626192a616",
            "associate_public_ip_address": true,
            "availability_zone": "ap-southeast-2a",
            "capacity_reservation_specification": [
              {
                "capacity_reservation_preference": "open",
                "capacity_reservation_target": []
              }
            ],
            "cpu_core_count": 1,
            "cpu_threads_per_core": 1,
            "credit_specification": [
              {
                "cpu_credits": "standard"
              }
            ],
            "disable_api_stop": false,
            "disable_api_termination": false,
            "ebs_block_device": [],
            "ebs_optimized": false,
            "enclave_options": [
              {
                "enabled": false
              }
            ],
            "ephemeral_block_device": [],
            "get_password_data": false,
            "hibernation": false,
            "host_id": null,
            "host_resource_group_arn": null,
            "iam_instance_profile": "",
            "id": "i-0f21068626192a616",
            "instance_initiated_shutdown_behavior": "stop",
            "instance_state": "running",
            "instance_type": "t2.micro",
            "ipv6_address_count": 0,
            "ipv6_addresses": [],
            "key_name": "mykey-pair",
            "launch_template": [],
            "maintenance_options": [
              {
                "auto_recovery": "default"
              }
            ],
            "metadata_options": [
              {
                "http_endpoint": "enabled",
                "http_put_response_hop_limit": 1,
                "http_tokens": "optional",
                "instance_metadata_tags": "disabled"
              }
            ],
            "monitoring": false,
            "network_interface": [],
            "outpost_arn": "",
            "password_data": "",
            "placement_group": "",
            "placement_partition_number": null,
            "primary_network_interface_id": "eni-074e4cddcdc178738",
            "private_dns": "ip-10-0-1-227.ap-southeast-2.compute.internal",
            "private_dns_name_options": [
              {
                "enable_resource_name_dns_a_record": false,
                "enable_resource_name_dns_aaaa_record": false,
                "hostname_type": "ip-name"
              }
            ],
            "private_ip": "10.0.1.227",
            "public_dns": "ec2-3-25-93-8.ap-southeast-2.compute.amazonaws.com",
            "public_ip": "3.25.93.8",
            "root_block_device": [
              {
                "delete_on_termination": true,
                "device_name": "/dev/xvda",
                "encrypted": false,
                "iops": 100,
                "kms_key_id": "",
                "tags": {},
                "throughput": 0,
                "volume_id": "vol-05f4d48a8397343be",
                "volume_size": 8,
                "volume_type": "gp2"
              }
            ],
            "secondary_private_ips": [],
            "security_groups": [
              "sg-0afaba75bbc3f848c"
            ],
            "source_dest_check": true,
            "subnet_id": "subnet-0627d7644842d9b97",
            "tags": {
              "Name": "Wordpress.web"
            },
            "tags_all": {
              "Name": "Wordpress.web"
            },
            "tenancy": "default",
            "timeouts": null,
            "user_data": null,
            "user_data_base64": null,
            "user_data_replace_on_change": false,
            "volume_tags": null,
            "vpc_security_group_ids": [
              "sg-0afaba75bbc3f848c"
            ]
          },
          "sensitive_attributes": [],
          "private": "eyJlMmJmYjczMC1lY2FhLTExZTYtOGY4OC0zNDM2M2JjN2M0YzAiOnsiY3JlYXRlIjo2MDAwMDAwMDAwMDAsImRlbGV0ZSI6MTIwMDAwMDAwMDAwMCwidXBkYXRlIjo2MDAwMDAwMDAwMDB9LCJzY2hlbWFfdmVyc2lvbiI6IjEifQ==",
          "dependencies": [
            "aws_db_instance.wordpressdb",
            "aws_db_subnet_group.RDS_subnet_grp",
            "aws_key_pair.mykey-pair",
            "aws_security_group.RDS_allow_rule",
            "aws_security_group.ec2_allow_rule",
            "aws_subnet.prod-subnet-private-1",
            "aws_subnet.prod-subnet-private-2",
            "aws_subnet.prod-subnet-public-1",
            "aws_vpc.prod-vpc"
          ]
        }
      ]
    },
    {
      "mode": "managed",
      "type": "aws_internet_gateway",
      "name": "prod-igw",
      "provider": "provider[\"registry.terraform.io/hashicorp/aws\"]",
      "instances": [
        {
          "schema_version": 0,
          "attributes": {
            "arn": "arn:aws:ec2:ap-southeast-2:062714976861:internet-gateway/igw-03447c9eee8285d6d",
            "id": "igw-03447c9eee8285d6d",
            "owner_id": "062714976861",
            "tags": {},
            "tags_all": {},
            "timeouts": null,
            "vpc_id": "vpc-07650e97b6c99b60f"
          },
          "sensitive_attributes": [],
          "private": "eyJlMmJmYjczMC1lY2FhLTExZTYtOGY4OC0zNDM2M2JjN2M0YzAiOnsiY3JlYXRlIjoxMjAwMDAwMDAwMDAwLCJkZWxldGUiOjEyMDAwMDAwMDAwMDAsInVwZGF0ZSI6MTIwMDAwMDAwMDAwMH19",
          "dependencies": [
            "aws_vpc.prod-vpc"
          ]
        }
      ]
    },
    {
      "mode": "managed",
      "type": "aws_key_pair",
      "name": "mykey-pair",
      "provider": "provider[\"registry.terraform.io/hashicorp/aws\"]",
      "instances": [
        {
          "schema_version": 1,
          "attributes": {
            "arn": "arn:aws:ec2:ap-southeast-2:062714976861:key-pair/mykey-pair",
            "fingerprint": "ce:8f:04:8d:91:63:8a:88:b3:69:03:c6:55:1c:8a:5c",
            "id": "mykey-pair",
            "key_name": "mykey-pair",
            "key_name_prefix": "",
            "key_pair_id": "key-048f3246a0c3c61c3",
            "key_type": "rsa",
            "public_key": "ssh-rsa AAAAB3NzaC1yc2EAAAADAQABAAABAQDF7ZworzbZptTIiAJROBFIN5HrmG2fYZxrc2iQf1V+YlMUVsUeT/NcbJmRKOj5TnMRuXyLMEF5AuLuEtL3UAHaAnHG/9/ar4P/W8lcnRQd3kgDRt8OoI1HXMvyAECcbr8vhB9ZoEdg4diNorVCrPpIHlKQ9A9dQvp6SaS98HZf4WJ52Yk48X1/V5EuBDGRAg4qssrg+bJ/7u0ZBruaze9rkCxVsOA/K1YWV6Tet7rI/gBQpcwIHOUjH1KOEmVtAKtyL1WtmmAwpohFVESHU7EBYZ7sEE0OvL3fTepmq7HnSwcH2XXEkPwvqW1a9uGa+q//xb1sjrbkCQCyRLYSl0eZ ec2-user@master",
            "tags": null,
            "tags_all": {}
          },
          "sensitive_attributes": [],
          "private": "eyJzY2hlbWFfdmVyc2lvbiI6IjEifQ=="
        }
      ]
    },
    {
      "mode": "managed",
      "type": "aws_route_table",
      "name": "prod-public-crt",
      "provider": "provider[\"registry.terraform.io/hashicorp/aws\"]",
      "instances": [
        {
          "schema_version": 0,
          "attributes": {
            "arn": "arn:aws:ec2:ap-southeast-2:062714976861:route-table/rtb-08e3976bc22d6b409",
            "id": "rtb-08e3976bc22d6b409",
            "owner_id": "062714976861",
            "propagating_vgws": [],
            "route": [
              {
                "carrier_gateway_id": "",
                "cidr_block": "0.0.0.0/0",
                "core_network_arn": "",
                "destination_prefix_list_id": "",
                "egress_only_gateway_id": "",
                "gateway_id": "igw-03447c9eee8285d6d",
                "instance_id": "",
                "ipv6_cidr_block": "",
                "local_gateway_id": "",
                "nat_gateway_id": "",
                "network_interface_id": "",
                "transit_gateway_id": "",
                "vpc_endpoint_id": "",
                "vpc_peering_connection_id": ""
              }
            ],
            "tags": {},
            "tags_all": {},
            "timeouts": null,
            "vpc_id": "vpc-07650e97b6c99b60f"
          },
          "sensitive_attributes": [],
          "private": "eyJlMmJmYjczMC1lY2FhLTExZTYtOGY4OC0zNDM2M2JjN2M0YzAiOnsiY3JlYXRlIjozMDAwMDAwMDAwMDAsImRlbGV0ZSI6MzAwMDAwMDAwMDAwLCJ1cGRhdGUiOjEyMDAwMDAwMDAwMH19",
          "dependencies": [
            "aws_internet_gateway.prod-igw",
            "aws_vpc.prod-vpc"
          ]
        }
      ]
    },
    {
      "mode": "managed",
      "type": "aws_route_table_association",
      "name": "prod-crta-public-subnet-1",
      "provider": "provider[\"registry.terraform.io/hashicorp/aws\"]",
      "instances": [
        {
          "schema_version": 0,
          "attributes": {
            "gateway_id": "",
            "id": "rtbassoc-0def0fa7c195ed1f3",
            "route_table_id": "rtb-08e3976bc22d6b409",
            "subnet_id": "subnet-0627d7644842d9b97"
          },
          "sensitive_attributes": [],
          "private": "bnVsbA==",
          "dependencies": [
            "aws_internet_gateway.prod-igw",
            "aws_route_table.prod-public-crt",
            "aws_subnet.prod-subnet-public-1",
            "aws_vpc.prod-vpc"
          ]
        }
      ]
    },
    {
      "mode": "managed",
      "type": "aws_security_group",
      "name": "RDS_allow_rule",
      "provider": "provider[\"registry.terraform.io/hashicorp/aws\"]",
      "instances": [
        {
          "schema_version": 1,
          "attributes": {
            "arn": "arn:aws:ec2:ap-southeast-2:062714976861:security-group/sg-089a12fa6d27254e9",
            "description": "Managed by Terraform",
            "egress": [
              {
                "cidr_blocks": [
                  "0.0.0.0/0"
                ],
                "description": "",
                "from_port": 0,
                "ipv6_cidr_blocks": [],
                "prefix_list_ids": [],
                "protocol": "-1",
                "security_groups": [],
                "self": false,
                "to_port": 0
              }
            ],
            "id": "sg-089a12fa6d27254e9",
            "ingress": [
              {
                "cidr_blocks": [],
                "description": "",
                "from_port": 3306,
                "ipv6_cidr_blocks": [],
                "prefix_list_ids": [],
                "protocol": "tcp",
                "security_groups": [
                  "sg-0afaba75bbc3f848c"
                ],
                "self": false,
                "to_port": 3306
              }
            ],
            "name": "terraform-20221011014415848200000003",
            "name_prefix": "terraform-",
            "owner_id": "062714976861",
            "revoke_rules_on_delete": false,
            "tags": {
              "Name": "allow ec2"
            },
            "tags_all": {
              "Name": "allow ec2"
            },
            "timeouts": null,
            "vpc_id": "vpc-07650e97b6c99b60f"
          },
          "sensitive_attributes": [],
          "private": "eyJlMmJmYjczMC1lY2FhLTExZTYtOGY4OC0zNDM2M2JjN2M0YzAiOnsiY3JlYXRlIjo2MDAwMDAwMDAwMDAsImRlbGV0ZSI6OTAwMDAwMDAwMDAwfSwic2NoZW1hX3ZlcnNpb24iOiIxIn0=",
          "dependencies": [
            "aws_security_group.ec2_allow_rule",
            "aws_vpc.prod-vpc"
          ]
        }
      ]
    },
    {
      "mode": "managed",
      "type": "aws_security_group",
      "name": "ec2_allow_rule",
      "provider": "provider[\"registry.terraform.io/hashicorp/aws\"]",
      "instances": [
        {
          "schema_version": 1,
          "attributes": {
            "arn": "arn:aws:ec2:ap-southeast-2:062714976861:security-group/sg-0afaba75bbc3f848c",
            "description": "Managed by Terraform",
            "egress": [
              {
                "cidr_blocks": [
                  "0.0.0.0/0"
                ],
                "description": "",
                "from_port": 0,
                "ipv6_cidr_blocks": [],
                "prefix_list_ids": [],
                "protocol": "-1",
                "security_groups": [],
                "self": false,
                "to_port": 0
              }
            ],
            "id": "sg-0afaba75bbc3f848c",
            "ingress": [
              {
                "cidr_blocks": [
                  "0.0.0.0/0"
                ],
                "description": "HTTP",
                "from_port": 80,
                "ipv6_cidr_blocks": [],
                "prefix_list_ids": [],
                "protocol": "tcp",
                "security_groups": [],
                "self": false,
                "to_port": 80
              },
              {
                "cidr_blocks": [
                  "0.0.0.0/0"
                ],
                "description": "HTTPS",
                "from_port": 443,
                "ipv6_cidr_blocks": [],
                "prefix_list_ids": [],
                "protocol": "tcp",
                "security_groups": [],
                "self": false,
                "to_port": 443
              },
              {
                "cidr_blocks": [
                  "0.0.0.0/0"
                ],
                "description": "MYSQL/Aurora",
                "from_port": 3306,
                "ipv6_cidr_blocks": [],
                "prefix_list_ids": [],
                "protocol": "tcp",
                "security_groups": [],
                "self": false,
                "to_port": 3306
              },
              {
                "cidr_blocks": [
                  "0.0.0.0/0"
                ],
                "description": "SSH",
                "from_port": 22,
                "ipv6_cidr_blocks": [],
                "prefix_list_ids": [],
                "protocol": "tcp",
                "security_groups": [],
                "self": false,
                "to_port": 22
              }
            ],
            "name": "terraform-20221011014414567300000001",
            "name_prefix": "terraform-",
            "owner_id": "062714976861",
            "revoke_rules_on_delete": false,
            "tags": {
              "Name": "allow ssh,http,https"
            },
            "tags_all": {
              "Name": "allow ssh,http,https"
            },
            "timeouts": null,
            "vpc_id": "vpc-07650e97b6c99b60f"
          },
          "sensitive_attributes": [],
          "private": "eyJlMmJmYjczMC1lY2FhLTExZTYtOGY4OC0zNDM2M2JjN2M0YzAiOnsiY3JlYXRlIjo2MDAwMDAwMDAwMDAsImRlbGV0ZSI6OTAwMDAwMDAwMDAwfSwic2NoZW1hX3ZlcnNpb24iOiIxIn0=",
          "dependencies": [
            "aws_vpc.prod-vpc"
          ]
        }
      ]
    },
    {
      "mode": "managed",
      "type": "aws_subnet",
      "name": "prod-subnet-private-1",
      "provider": "provider[\"registry.terraform.io/hashicorp/aws\"]",
      "instances": [
        {
          "schema_version": 1,
          "attributes": {
            "arn": "arn:aws:ec2:ap-southeast-2:062714976861:subnet/subnet-0d04b0e6f6b3bfbf9",
            "assign_ipv6_address_on_creation": false,
            "availability_zone": "ap-southeast-2b",
            "availability_zone_id": "apse2-az3",
            "cidr_block": "10.0.2.0/24",
            "customer_owned_ipv4_pool": "",
            "enable_dns64": false,
            "enable_resource_name_dns_a_record_on_launch": false,
            "enable_resource_name_dns_aaaa_record_on_launch": false,
            "id": "subnet-0d04b0e6f6b3bfbf9",
            "ipv6_cidr_block": "",
            "ipv6_cidr_block_association_id": "",
            "ipv6_native": false,
            "map_customer_owned_ip_on_launch": false,
            "map_public_ip_on_launch": false,
            "outpost_arn": "",
            "owner_id": "062714976861",
            "private_dns_hostname_type_on_launch": "ip-name",
            "tags": {},
            "tags_all": {},
            "timeouts": null,
            "vpc_id": "vpc-07650e97b6c99b60f"
          },
          "sensitive_attributes": [],
          "private": "eyJlMmJmYjczMC1lY2FhLTExZTYtOGY4OC0zNDM2M2JjN2M0YzAiOnsiY3JlYXRlIjo2MDAwMDAwMDAwMDAsImRlbGV0ZSI6MTIwMDAwMDAwMDAwMH0sInNjaGVtYV92ZXJzaW9uIjoiMSJ9",
          "dependencies": [
            "aws_vpc.prod-vpc"
          ]
        }
      ]
    },
    {
      "mode": "managed",
      "type": "aws_subnet",
      "name": "prod-subnet-private-2",
      "provider": "provider[\"registry.terraform.io/hashicorp/aws\"]",
      "instances": [
        {
          "schema_version": 1,
          "attributes": {
            "arn": "arn:aws:ec2:ap-southeast-2:062714976861:subnet/subnet-0fa326dd2f9c8b6e6",
            "assign_ipv6_address_on_creation": false,
            "availability_zone": "ap-southeast-2c",
            "availability_zone_id": "apse2-az2",
            "cidr_block": "10.0.3.0/24",
            "customer_owned_ipv4_pool": "",
            "enable_dns64": false,
            "enable_resource_name_dns_a_record_on_launch": false,
            "enable_resource_name_dns_aaaa_record_on_launch": false,
            "id": "subnet-0fa326dd2f9c8b6e6",
            "ipv6_cidr_block": "",
            "ipv6_cidr_block_association_id": "",
            "ipv6_native": false,
            "map_customer_owned_ip_on_launch": false,
            "map_public_ip_on_launch": false,
            "outpost_arn": "",
            "owner_id": "062714976861",
            "private_dns_hostname_type_on_launch": "ip-name",
            "tags": {},
            "tags_all": {},
            "timeouts": null,
            "vpc_id": "vpc-07650e97b6c99b60f"
          },
          "sensitive_attributes": [],
          "private": "eyJlMmJmYjczMC1lY2FhLTExZTYtOGY4OC0zNDM2M2JjN2M0YzAiOnsiY3JlYXRlIjo2MDAwMDAwMDAwMDAsImRlbGV0ZSI6MTIwMDAwMDAwMDAwMH0sInNjaGVtYV92ZXJzaW9uIjoiMSJ9",
          "dependencies": [
            "aws_vpc.prod-vpc"
          ]
        }
      ]
    },
    {
      "mode": "managed",
      "type": "aws_subnet",
      "name": "prod-subnet-public-1",
      "provider": "provider[\"registry.terraform.io/hashicorp/aws\"]",
      "instances": [
        {
          "schema_version": 1,
          "attributes": {
            "arn": "arn:aws:ec2:ap-southeast-2:062714976861:subnet/subnet-0627d7644842d9b97",
            "assign_ipv6_address_on_creation": false,
            "availability_zone": "ap-southeast-2a",
            "availability_zone_id": "apse2-az1",
            "cidr_block": "10.0.1.0/24",
            "customer_owned_ipv4_pool": "",
            "enable_dns64": false,
            "enable_resource_name_dns_a_record_on_launch": false,
            "enable_resource_name_dns_aaaa_record_on_launch": false,
            "id": "subnet-0627d7644842d9b97",
            "ipv6_cidr_block": "",
            "ipv6_cidr_block_association_id": "",
            "ipv6_native": false,
            "map_customer_owned_ip_on_launch": false,
            "map_public_ip_on_launch": true,
            "outpost_arn": "",
            "owner_id": "062714976861",
            "private_dns_hostname_type_on_launch": "ip-name",
            "tags": {},
            "tags_all": {},
            "timeouts": null,
            "vpc_id": "vpc-07650e97b6c99b60f"
          },
          "sensitive_attributes": [],
          "private": "eyJlMmJmYjczMC1lY2FhLTExZTYtOGY4OC0zNDM2M2JjN2M0YzAiOnsiY3JlYXRlIjo2MDAwMDAwMDAwMDAsImRlbGV0ZSI6MTIwMDAwMDAwMDAwMH0sInNjaGVtYV92ZXJzaW9uIjoiMSJ9",
          "dependencies": [
            "aws_vpc.prod-vpc"
          ]
        }
      ]
    },
    {
      "mode": "managed",
      "type": "aws_vpc",
      "name": "prod-vpc",
      "provider": "provider[\"registry.terraform.io/hashicorp/aws\"]",
      "instances": [
        {
          "schema_version": 1,
          "attributes": {
            "arn": "arn:aws:ec2:ap-southeast-2:062714976861:vpc/vpc-07650e97b6c99b60f",
            "assign_generated_ipv6_cidr_block": false,
            "cidr_block": "10.0.0.0/16",
            "default_network_acl_id": "acl-0849efe975430f318",
            "default_route_table_id": "rtb-08833d302472d02da",
            "default_security_group_id": "sg-0a29d11ae5c80ca33",
            "dhcp_options_id": "dopt-8a6689e2",
            "enable_classiclink": false,
            "enable_classiclink_dns_support": false,
            "enable_dns_hostnames": true,
            "enable_dns_support": true,
            "id": "vpc-07650e97b6c99b60f",
            "instance_tenancy": "default",
            "ipv4_ipam_pool_id": null,
            "ipv4_netmask_length": null,
            "ipv6_association_id": "",
            "ipv6_cidr_block": "",
            "ipv6_cidr_block_network_border_group": "",
            "ipv6_ipam_pool_id": "",
            "ipv6_netmask_length": 0,
            "main_route_table_id": "rtb-08833d302472d02da",
            "owner_id": "062714976861",
            "tags": {},
            "tags_all": {}
          },
          "sensitive_attributes": [],
          "private": "eyJzY2hlbWFfdmVyc2lvbiI6IjEifQ=="
        }
      ]
    },
    {
      "mode": "managed",
      "type": "local_file",
      "name": "playbook-rendered-file",
      "provider": "provider[\"registry.terraform.io/hashicorp/local\"]",
      "instances": [
        {
          "schema_version": 0,
          "attributes": {
            "content": "- name: Install wordpress in new server\r\n  hosts: all\r\n  become: yes\r\n \r\n    \r\n  tasks:\r\n\r\n  - name: Setting up variables\r\n    set_fact:\r\n      php_modules: [  'php-fpm','php-mysqlnd', 'php-curl', 'php-gd', 'php-mbstring', 'php-xml', 'php-xmlrpc', 'php-soap', 'php-intl', 'php-zip' ]\r\n\r\n      #MySQL Settings to be rendered by terraform\r\n      mysql_rds: terraform-20221011014417281300000004.ckytcerhypns.ap-southeast-2.rds.amazonaws.com:3306  \r\n      mysql_db: wordpress_db\r\n      mysql_user: wordpress_user\r\n      mysql_password: mohsin123\r\n\r\n  \r\n  \r\n\r\n  \r\n\r\n  - name: Yum update\r\n    yum:\r\n      name: '*'\r\n      state: latest\r\n\r\n  - name: install Apache server\r\n    yum: name={{ item }} state=present\r\n    loop: [ 'httpd','mysql']    \r\n      \r\n #installing php using linux-extra\r\n  \r\n  - name: Installing PHP\r\n    shell: amazon-linux-extras enable php7.4\r\n\r\n  - name: Clean metadata\r\n    shell: yum clean metadata\r\n\r\n\r\n\r\n  \r\n\r\n  # install php extension\r\n  - name: install php extensions\r\n    yum: name={{ item }} state=present\r\n    loop: \"{{ php_modules }}\"\r\n\r\n\r\n  - name: Set permissions for directories\r\n    shell: \"/usr/bin/find /var/www/html/ -type d -exec chmod 2775 {} \\\\;\"\r\n    \r\n\r\n  - name: Set permissions for files\r\n    shell: \"/usr/bin/find /var/www/html/ -type f -exec chmod 0664 {} \\\\;\"    \r\n            \r\n  # wordpress download and install\r\n  - name: Wordpress download and unpacking\r\n    unarchive:\r\n      src: https://wordpress.org/latest.tar.gz\r\n      dest: \"/var/www\"\r\n      remote_src: yes\r\n  \r\n  - name: Copy wordpress files to /html folder\r\n    shell: cp /var/www/wordpress/. /var/www/html -r\r\n\r\n  - name: Delete old wordpress files\r\n    shell: rm /var/www/wordpress -r \r\n \r\n    \r\n  - name: Set up wp-config\r\n    template:\r\n      src: \"files/wp-config.php.j2\"\r\n      dest: \"/var/www/html/wp-config.php\"\r\n        \r\n  - name: set permissions (changing ownership)\r\n    shell: chown -R ec2-user:apache /var/www/html\r\n\r\n  - name: set permission (chmod 774)  \r\n    shell: chown -R ec2-user:apache /var/www/html\r\n\r\n   # apache  server started\r\n  - name: services started   \r\n    service: name={{ item }} state=restarted enabled=True\r\n    loop: [ 'httpd']\r\n     \r\n\r\n\r\n",
            "content_base64": null,
            "directory_permission": "0777",
            "file_permission": "0777",
            "filename": "./playbook-rendered.yml",
            "id": "031f8685cdb587b3b4f1e13cbb9c3f2a5e4ad49c",
            "sensitive_content": null,
            "source": null
          },
          "sensitive_attributes": [],
          "private": "bnVsbA==",
          "dependencies": [
            "data.template_file.playbook"
          ]
        }
      ]
    },
    {
      "mode": "managed",
      "type": "null_resource",
      "name": "Wordpress_Installation_Waiting",
      "provider": "provider[\"registry.terraform.io/hashicorp/null\"]",
      "instances": [
        {
          "schema_version": 0,
          "attributes": {
            "id": "6176481581381549143",
            "triggers": null
          },
          "sensitive_attributes": [],
          "private": "bnVsbA==",
          "dependencies": [
            "aws_db_instance.wordpressdb",
            "aws_db_subnet_group.RDS_subnet_grp",
            "aws_eip.eip",
            "aws_instance.wordpressec2",
            "aws_key_pair.mykey-pair",
            "aws_security_group.RDS_allow_rule",
            "aws_security_group.ec2_allow_rule",
            "aws_subnet.prod-subnet-private-1",
            "aws_subnet.prod-subnet-private-2",
            "aws_subnet.prod-subnet-public-1",
            "aws_vpc.prod-vpc"
          ]
        }
      ]
    }
  ],
  "check_results": []
}
